
Microsoft Visual Studio Solution File, Format Version 12.00
# Visual Studio 2013
VisualStudioVersion = 12.0.30501.0
MinimumVisualStudioVersion = 10.0.40219.1
Project("{FAE04EC0-301F-11D3-BF4B-00C04F79EFBC}") = "webtech-lab3-web-crawler", "webtech-lab3-web-crawler\webtech-lab3-web-crawler.csproj", "{D31235B1-965B-4F57-93B8-A2F8C49ADB81}"
EndProject
Global
	GlobalSection(SolutionConfigurationPlatforms) = preSolution
		Debug|Any CPU = Debug|Any CPU
		Release|Any CPU = Release|Any CPU
	EndGlobalSection
	GlobalSection(ProjectConfigurationPlatforms) = postSolution
		{D31235B1-965B-4F57-93B8-A2F8C49ADB81}.Debug|Any CPU.ActiveCfg = Debug|Any CPU
		{D31235B1-965B-4F57-93B8-A2F8C49ADB81}.Debug|Any CPU.Build.0 = Debug|Any CPU
		{D31235B1-965B-4F57-93B8-A2F8C49ADB81}.Release|Any CPU.ActiveCfg = Release|Any CPU
		{D31235B1-965B-4F57-93B8-A2F8C49ADB81}.Release|Any CPU.Build.0 = Release|Any CPU
	EndGlobalSection
	GlobalSection(SolutionProperties) = preSolution
		HideSolutionNode = FALSE
	EndGlobalSection
EndGlobal
